# This file is automatically @generated by Cargo.
# It is not intended for manual editing.
version = 4

[[package]]
name = "bridge-binding"
version = "1.0.0"
dependencies = [
 "softphone-types",
]

[[package]]
name = "call-history"
version = "1.0.0"
dependencies = [
 "softphone-types",
]

[[package]]
name = "local-binding"
version = "1.0.0"
dependencies = [
 "softphone-types",
]

[[package]]
name = "media-session"
version = "1.0.0"
dependencies = [
 "softphone-types",
]

[[package]]
name = "phone-console"
version = "1.0.0"
dependencies = [
 "softphone-types",
]

[[package]]
name = "phone-control"
version = "1.0.0"
dependencies = [
 "softphone-types",
]

[[package]]
name = "phone-directory"
version = "1.0.0"
dependencies = [
 "softphone-types",
]

[[package]]
name = "sip-binding"
version = "1.0.0"
dependencies = [
 "softphone-types",
]

[[package]]
name = "softphone-behaviour"
version = "0.1.0"
dependencies = [
 "bridge-binding",
 "call-history",
 "local-binding",
 "media-session",
 "phone-console",
 "phone-control",
 "phone-directory",
 "sip-binding",
 "softphone-system",
 "softphone-types",
]

[[package]]
name = "softphone-shell"
version = "0.1.0"
dependencies = [
 "softphone-behaviour",
 "softphone-web",
]

[[package]]
name = "softphone-system"
version = "1.0.0"
dependencies = [
 "bridge-binding",
 "call-history",
 "local-binding",
 "media-session",
 "phone-console",
 "phone-control",
 "phone-directory",
 "sip-binding",
 "softphone-types",
]

[[package]]
name = "softphone-types"
version = "1.0.0"

[[package]]
name = "softphone-web"
version = "1.0.0"
dependencies = [
 "bridge-binding",
 "call-history",
 "local-binding",
 "media-session",
 "phone-console",
 "phone-control",
 "phone-directory",
 "sip-binding",
 "softphone-system",
 "softphone-types",
]
